{
  "nodes": {
    "flake-utils": {
      "locked": {
        "lastModified": 1649676176,
        "narHash": "sha256-OWKJratjt2RW151VUlJPRALb7OU2S5s+f0vLj4o1bHM=",
        "owner": "numtide",
        "repo": "flake-utils",
        "rev": "a4b154ebbdc88c8498a5c7b01589addc9e9cb678",
        "type": "github"
      },
      "original": {
        "owner": "numtide",
        "repo": "flake-utils",
        "type": "github"
      }
    },
    "nixpkgs": {
      "locked": {
        "lastModified": 1649497218,
        "narHash": "sha256-groqC9m1P4hpnL6jQvZ3C8NEtduhdkvwGT0+0LUrcYw=",
        "owner": "nixos",
        "repo": "nixpkgs",
        "rev": "fd364d268852561223a5ada15caad669fd72800e",
        "type": "github"
      },
      "original": {
        "owner": "nixos",
        "ref": "nixos-unstable",
        "repo": "nixpkgs",
        "type": "github"
      }
    },
    "root": {
      "inputs": {
        "flake-utils": "flake-utils",
        "nixpkgs": "nixpkgs",
        "tezos": "tezos"
      }
    },
    "tezos": {
      "inputs": {
        "flake-utils": [
          "flake-utils"
        ],
        "nixpkgs": [
          "nixpkgs"
        ]
      },
      "locked": {
        "lastModified": 1649690026,
        "narHash": "sha256-qWSf5yhndBlsMSes6L2GPFgkBN9NWN+SDnn4vpMo3zo=",
        "owner": "marigold-dev",
        "repo": "tezos-nix",
        "rev": "3f68881d821eff2d051b63c2c05c66b44c9132a6",
        "type": "github"
      },
      "original": {
        "owner": "marigold-dev",
        "repo": "tezos-nix",
        "type": "github"
      }
    }
  },
  "root": "root",
  "version": 7
}
